
Microsoft Visual Studio Solution File, Format Version 12.00
# Visual Studio Version 16
VisualStudioVersion = 16.0.30011.22
MinimumVisualStudioVersion = 10.0.40219.1
Project("{FAE04EC0-301F-11D3-BF4B-00C04F79EFBC}") = "Lib_Lab1", "Лабораторная работа 1\Lib_Lab1\Lib_Lab1.csproj", "{B79CC33C-352F-4267-80CD-859CBABC8021}"
EndProject
Project("{9A19103F-16F7-4668-BE54-9A1E7A4F7556}") = "CaezarEncryptTests", "Лабораторная работа 1\CaezarEncryptTests\CaezarEncryptTests.csproj", "{307F73E8-BC41-48AD-9B9A-C2839FE82640}"
EndProject
Project("{FAE04EC0-301F-11D3-BF4B-00C04F79EFBC}") = "App_Lab1", "Лабораторная работа 1\App_Lab1\App_Lab1.csproj", "{88A98BE6-5138-44E2-BC1B-E2F5B62E35A2}"
EndProject
Project("{2150E333-8FDC-42A3-9474-1A3956D46DE8}") = "Lab1", "Lab1", "{EF6B0AAB-5FDD-4FF0-AA9C-05052A9314C7}"
EndProject
Project("{2150E333-8FDC-42A3-9474-1A3956D46DE8}") = "Lab2", "Lab2", "{CE73097E-F7AA-459A-B641-B52AE55CB87F}"
EndProject
Project("{FAE04EC0-301F-11D3-BF4B-00C04F79EFBC}") = "Lib_Lab_2", "Лабораторная работа 2\Lib_Lab_2\Lib_Lab_2.csproj", "{4DD58279-64DB-48FE-BFA9-3399381CFCE1}"
EndProject
Project("{FAE04EC0-301F-11D3-BF4B-00C04F79EFBC}") = "App_Lab2", "Лабораторная работа 2\App_Lab2\App_Lab2.csproj", "{A6A33D99-19DB-4463-9FC1-CCCD4C605353}"
EndProject
Project("{2150E333-8FDC-42A3-9474-1A3956D46DE8}") = "Lab3", "Lab3", "{6BC7FA17-E3B0-485A-8DBC-2C7E3152101C}"
EndProject
Project("{FAE04EC0-301F-11D3-BF4B-00C04F79EFBC}") = "Lab3_App", "Лабораторная работа 3\Lab3_App\Lab3_App.csproj", "{67449198-D92E-42AB-83E2-7A47BC27F0F0}"
EndProject
Project("{2150E333-8FDC-42A3-9474-1A3956D46DE8}") = "Lab4", "Lab4", "{6C4A11E1-9486-4F47-9042-B9483CD8C94B}"
EndProject
Project("{FAE04EC0-301F-11D3-BF4B-00C04F79EFBC}") = "Lab4_App", "Лабораторная работа 4\Lab4_App\Lab4_App.csproj", "{60EE8149-8943-480D-AE6E-0DCD9BA6FA18}"
EndProject
Global
	GlobalSection(SolutionConfigurationPlatforms) = preSolution
		Debug|Any CPU = Debug|Any CPU
		Release|Any CPU = Release|Any CPU
	EndGlobalSection
	GlobalSection(ProjectConfigurationPlatforms) = postSolution
		{B79CC33C-352F-4267-80CD-859CBABC8021}.Debug|Any CPU.ActiveCfg = Debug|Any CPU
		{B79CC33C-352F-4267-80CD-859CBABC8021}.Debug|Any CPU.Build.0 = Debug|Any CPU
		{B79CC33C-352F-4267-80CD-859CBABC8021}.Release|Any CPU.ActiveCfg = Release|Any CPU
		{B79CC33C-352F-4267-80CD-859CBABC8021}.Release|Any CPU.Build.0 = Release|Any CPU
		{307F73E8-BC41-48AD-9B9A-C2839FE82640}.Debug|Any CPU.ActiveCfg = Debug|Any CPU
		{307F73E8-BC41-48AD-9B9A-C2839FE82640}.Debug|Any CPU.Build.0 = Debug|Any CPU
		{307F73E8-BC41-48AD-9B9A-C2839FE82640}.Release|Any CPU.ActiveCfg = Release|Any CPU
		{307F73E8-BC41-48AD-9B9A-C2839FE82640}.Release|Any CPU.Build.0 = Release|Any CPU
		{88A98BE6-5138-44E2-BC1B-E2F5B62E35A2}.Debug|Any CPU.ActiveCfg = Debug|Any CPU
		{88A98BE6-5138-44E2-BC1B-E2F5B62E35A2}.Debug|Any CPU.Build.0 = Debug|Any CPU
		{88A98BE6-5138-44E2-BC1B-E2F5B62E35A2}.Release|Any CPU.ActiveCfg = Release|Any CPU
		{88A98BE6-5138-44E2-BC1B-E2F5B62E35A2}.Release|Any CPU.Build.0 = Release|Any CPU
		{4DD58279-64DB-48FE-BFA9-3399381CFCE1}.Debug|Any CPU.ActiveCfg = Debug|Any CPU
		{4DD58279-64DB-48FE-BFA9-3399381CFCE1}.Debug|Any CPU.Build.0 = Debug|Any CPU
		{4DD58279-64DB-48FE-BFA9-3399381CFCE1}.Release|Any CPU.ActiveCfg = Release|Any CPU
		{4DD58279-64DB-48FE-BFA9-3399381CFCE1}.Release|Any CPU.Build.0 = Release|Any CPU
		{A6A33D99-19DB-4463-9FC1-CCCD4C605353}.Debug|Any CPU.ActiveCfg = Debug|Any CPU
		{A6A33D99-19DB-4463-9FC1-CCCD4C605353}.Debug|Any CPU.Build.0 = Debug|Any CPU
		{A6A33D99-19DB-4463-9FC1-CCCD4C605353}.Release|Any CPU.ActiveCfg = Release|Any CPU
		{A6A33D99-19DB-4463-9FC1-CCCD4C605353}.Release|Any CPU.Build.0 = Release|Any CPU
		{67449198-D92E-42AB-83E2-7A47BC27F0F0}.Debug|Any CPU.ActiveCfg = Debug|Any CPU
		{67449198-D92E-42AB-83E2-7A47BC27F0F0}.Debug|Any CPU.Build.0 = Debug|Any CPU
		{67449198-D92E-42AB-83E2-7A47BC27F0F0}.Release|Any CPU.ActiveCfg = Release|Any CPU
		{67449198-D92E-42AB-83E2-7A47BC27F0F0}.Release|Any CPU.Build.0 = Release|Any CPU
		{60EE8149-8943-480D-AE6E-0DCD9BA6FA18}.Debug|Any CPU.ActiveCfg = Debug|Any CPU
		{60EE8149-8943-480D-AE6E-0DCD9BA6FA18}.Debug|Any CPU.Build.0 = Debug|Any CPU
		{60EE8149-8943-480D-AE6E-0DCD9BA6FA18}.Release|Any CPU.ActiveCfg = Release|Any CPU
		{60EE8149-8943-480D-AE6E-0DCD9BA6FA18}.Release|Any CPU.Build.0 = Release|Any CPU
	EndGlobalSection
	GlobalSection(SolutionProperties) = preSolution
		HideSolutionNode = FALSE
	EndGlobalSection
	GlobalSection(NestedProjects) = preSolution
		{B79CC33C-352F-4267-80CD-859CBABC8021} = {EF6B0AAB-5FDD-4FF0-AA9C-05052A9314C7}
		{307F73E8-BC41-48AD-9B9A-C2839FE82640} = {EF6B0AAB-5FDD-4FF0-AA9C-05052A9314C7}
		{88A98BE6-5138-44E2-BC1B-E2F5B62E35A2} = {EF6B0AAB-5FDD-4FF0-AA9C-05052A9314C7}
		{4DD58279-64DB-48FE-BFA9-3399381CFCE1} = {CE73097E-F7AA-459A-B641-B52AE55CB87F}
		{A6A33D99-19DB-4463-9FC1-CCCD4C605353} = {CE73097E-F7AA-459A-B641-B52AE55CB87F}
		{67449198-D92E-42AB-83E2-7A47BC27F0F0} = {6BC7FA17-E3B0-485A-8DBC-2C7E3152101C}
		{60EE8149-8943-480D-AE6E-0DCD9BA6FA18} = {6C4A11E1-9486-4F47-9042-B9483CD8C94B}
	EndGlobalSection
	GlobalSection(ExtensibilityGlobals) = postSolution
		SolutionGuid = {E9F97A18-C4A8-4FD5-A754-2C05D85664D9}
	EndGlobalSection
EndGlobal
